
Microsoft Visual Studio Solution File, Format Version 12.00
# Visual Studio Version 17
VisualStudioVersion = 17.0.32112.339
MinimumVisualStudioVersion = 10.0.40219.1
Project("{9A19103F-16F7-4668-BE54-9A1E7A4F7556}") = "Store.Domain", "Store.Domain\Store.Domain.csproj", "{4775EF6C-8C60-4D78-95EE-5CA49D2A69A4}"
EndProject
Project("{FAE04EC0-301F-11D3-BF4B-00C04F79EFBC}") = "Store.Tests", "Store.Tests\Store.Tests.csproj", "{1E4C8E22-1C95-4CF9-A2EF-361BD183AF68}"
EndProject
Project("{2150E333-8FDC-42A3-9474-1A3956D46DE8}") = "Solution Items", "Solution Items", "{0F17D3C9-1E8E-4852-B44C-E1FB39C5ADE2}"
	ProjectSection(SolutionItems) = preProject
		.editorconfig = .editorconfig
	EndProjectSection
EndProject
Global
	GlobalSection(SolutionConfigurationPlatforms) = preSolution
		Debug|Any CPU = Debug|Any CPU
		Release|Any CPU = Release|Any CPU
	EndGlobalSection
	GlobalSection(ProjectConfigurationPlatforms) = postSolution
		{4775EF6C-8C60-4D78-95EE-5CA49D2A69A4}.Debug|Any CPU.ActiveCfg = Debug|Any CPU
		{4775EF6C-8C60-4D78-95EE-5CA49D2A69A4}.Debug|Any CPU.Build.0 = Debug|Any CPU
		{4775EF6C-8C60-4D78-95EE-5CA49D2A69A4}.Release|Any CPU.ActiveCfg = Release|Any CPU
		{4775EF6C-8C60-4D78-95EE-5CA49D2A69A4}.Release|Any CPU.Build.0 = Release|Any CPU
		{1E4C8E22-1C95-4CF9-A2EF-361BD183AF68}.Debug|Any CPU.ActiveCfg = Debug|Any CPU
		{1E4C8E22-1C95-4CF9-A2EF-361BD183AF68}.Debug|Any CPU.Build.0 = Debug|Any CPU
		{1E4C8E22-1C95-4CF9-A2EF-361BD183AF68}.Release|Any CPU.ActiveCfg = Release|Any CPU
		{1E4C8E22-1C95-4CF9-A2EF-361BD183AF68}.Release|Any CPU.Build.0 = Release|Any CPU
	EndGlobalSection
	GlobalSection(SolutionProperties) = preSolution
		HideSolutionNode = FALSE
	EndGlobalSection
	GlobalSection(ExtensibilityGlobals) = postSolution
		SolutionGuid = {EB1253CA-1C5D-4B7E-A6AF-3077C05BB04A}
	EndGlobalSection
EndGlobal
